github.com/99designs/gqlgen v0.6.0 h1:gg+WRRW2A+XldwDRcwkgBh0wffvyZlcQX8WUu+4rKd0=
github.com/99designs/gqlgen v0.6.0/go.mod h1:KSQDfLlTTGmzlRgLGm6HeKKKo598l5E2svEM6Nz2Jnw=
github.com/PuerkitoBio/goquery v1.4.1 h1:smcIRGdYm/w7JSbcdeLHEMzxmsBQvl8lhf0dSw2nzMI=
github.com/PuerkitoBio/goquery v1.4.1/go.mod h1:T9ezsOHcCrDCgA8aF1Cqr3sSYbO/xgdy8/R/XiIMAhA=
github.com/agnivade/levenshtein v1.0.1 h1:3oJU7J3FGFmyhn8KHjmVaZCN5hxTr7GxgRue+sxIXdQ=
github.com/agnivade/levenshtein v1.0.1/go.mod h1:CURSv5d9Uaml+FovSIICkLbAUZ9S4RqaHDIsdSBg7lM=
github.com/andybalholm/cascadia v1.0.0 h1:hOCXnnZ5A+3eVDX8pvgl4kofXv2ELss0bKcqRySc45o=
github.com/andybalholm/cascadia v1.0.0/go.mod h1:GsXiBklL0woXo1j/WYWtSYYC4ouU9PqHO0sqidkEA4Y=
github.com/antchfx/htmlquery v0.0.0-20180925020018-98389addba3d h1:BzVCjAnYYfpdD01lzVKlZ8mCJu+l4IdGGHjye+R8qgQ=
github.com/antchfx/htmlquery v0.0.0-20180925020018-98389addba3d/go.mod h1:MS9yksVSQXls00iXkiMqXr0J+umL/AmxXKuP28SUJM8=
github.com/antchfx/xmlquery v0.0.0-20180925013719-07935b1c0f2e h1:0KotO9Ay0it1o6O+PzfHSke5+q1EWRlUo9MoPO1+J3I=
github.com/antchfx/xmlquery v0.0.0-20180925013719-07935b1c0f2e/go.mod h1:/+CnyD/DzHRnv2eRxrVbieRU/FIF6N0C+7oTtyUtCKk=
github.com/antchfx/xpath v0.0.0-20180922041825-3de91f3991a1 h1:nt4RMjvM9pJ5HR7WkCeAnDz1pgHbLT2vxICalUTWcJU=
github.com/antchfx/xpath v0.0.0-20180922041825-3de91f3991a1/go.mod h1:Yee4kTMuNiPYJ7nSNorELQMr1J33uOpXDMByNYhvtNk=
github.com/asdine/storm v2.1.2+incompatible h1:dczuIkyqwY2LrtXPz8ixMrU/OFgZp71kbKTHGrXYt/Q=
github.com/asdine/storm v2.1.2+incompatible/go.mod h1:RarYDc9hq1UPLImuiXK3BIWPJLdIygvV3PsInK0FbVQ=
github.com/gobwas/glob v0.2.3 h1:A4xDbljILXROh+kObIiy5kIaPYD8e96x1tgBhUI5J+Y=
github.com/gobwas/glob v0.2.3/go.mod h1:d3Ez4x06l9bZtSvzIay5+Yzi0fmZzPgnTbPcKjJAkT8=
github.com/gocolly/colly v1.1.0 h1:B1M8NzjFpuhagut8f2ILUDlWMag+nTx+PWEmPy7RhrE=
github.com/gocolly/colly v1.1.0/go.mod h1:Hof5T3ZswNVsOHYmba1u03W65HDWgpV5HifSuueE0EA=
github.com/golang/protobuf v1.2.0 h1:P3YflyNX/ehuJFLhxviNdFxQPkGK5cDcApsge1SqnvM=
github.com/golang/protobuf v1.2.0/go.mod h1:6lQm79b+lXiMfvg/cZm0SGofjICqVBUtrP5yJMmIC1U=
github.com/google/uuid v1.0.0 h1:b4Gk+7WdP/d3HZH8EJsZpvV7EtDOgaZLtnaNGIu1adA=
github.com/google/uuid v1.0.0/go.mod h1:TIyPZe4MgqvfeYDBFedMoGGpEw/LqOeaOT+nhxU+yHo=
github.com/gorilla/websocket v1.4.0 h1:WDFjx/TMzVgy9VdMMQi2K2Emtwi2QcUQsztZ/zLaH/Q=
github.com/gorilla/websocket v1.4.0/go.mod h1:E7qHFY5m1UJ88s3WnNqhKjPHQ0heANvMoAMk2YaljkQ=
github.com/hashicorp/golang-lru v0.5.0 h1:CL2msUPvZTLb5O648aiLNJw3hnBxN2+1Jq8rCOH9wdo=
github.com/hashicorp/golang-lru v0.5.0/go.mod h1:/m3WP610KZHVQ1SGc6re/UDhFvYD7pJ4Ao+sR/qLZy8=
github.com/kennygrant/sanitize v1.2.4 h1:gN25/otpP5vAsO2djbMhF/LQX6R7+O1TB4yv8NzpJ3o=
github.com/kennygrant/sanitize v1.2.4/go.mod h1:LGsjYYtgxbetdg5owWB2mpgUL6e2nfw2eObZ0u0qvak=
github.com/saintfish/chardet v0.0.0-20120816061221-3af4cd4741ca h1:NugYot0LIVPxTvN8n+Kvkn6TrbMyxQiuvKdEwFdR9vI=
github.com/saintfish/chardet v0.0.0-20120816061221-3af4cd4741ca/go.mod h1:uugorj2VCxiV1x+LzaIdVa9b4S4qGAcH6cbhh4qVxOU=
github.com/temoto/robotstxt v0.0.0-20180810133444-97ee4a9ee6ea h1:hH8P1IiDpzRU6ZDbDh/RDnVuezi2oOXJpApa06M0zyI=
github.com/temoto/robotstxt v0.0.0-20180810133444-97ee4a9ee6ea/go.mod h1:aOux3gHPCftJ3KHq6Pz/AlDjYJ7Y+yKfm1gU/3B0u04=
github.com/vektah/gqlgen v0.6.0 h1:+yiUtfKzp+l+9s34rF5BwqGsmc2uLDfOD6UEDfjgiGw=
github.com/vektah/gqlgen v0.6.0/go.mod h1:p6RS1iWLR+HVU1U2lU6vWgLjXSBtD0hRubzDWKhXFhY=
github.com/vektah/gqlparser v0.0.0-20181002002754-f119686bf1d4 h1:HOJJtIE3gsOqjNxZF8LZ0pVMC7VGJgZlTSUbMCoQvTA=
github.com/vektah/gqlparser v0.0.0-20181002002754-f119686bf1d4/go.mod h1:K4QdSSpS2XiHHwzb18kWh3iBljB8rLC8okGXsnQy3Nc=
go.etcd.io/bbolt v1.3.0 h1:oY10fI923Q5pVCVt1GBTZMn8LHo5M+RCInFpeMnV4QI=
go.etcd.io/bbolt v1.3.0/go.mod h1:IbVyRI1SCnLcuJnV2u8VeU0CEYM7e686BmAb1XKL+uU=
golang.org/x/net v0.0.0-20180218175443-cbe0f9307d01/go.mod h1:mL1N/T3taQHkDXs73rZJwtUhF3w3ftmwwsq0BUmARs4=
golang.org/x/net v0.0.0-20180724234803-3673e40ba225/go.mod h1:mL1N/T3taQHkDXs73rZJwtUhF3w3ftmwwsq0BUmARs4=
golang.org/x/net v0.0.0-20181011144130-49bb7cea24b1 h1:Y/KGZSOdz/2r0WJ9Mkmz6NJBusp0kiNx1Cn82lzJQ6w=
golang.org/x/net v0.0.0-20181011144130-49bb7cea24b1/go.mod h1:mL1N/T3taQHkDXs73rZJwtUhF3w3ftmwwsq0BUmARs4=
golang.org/x/text v0.3.0 h1:g61tztE5qeGQ89tm6NTjjM9VPIm088od1l6aSorWRWg=
golang.org/x/text v0.3.0/go.mod h1:NqM8EUOU14njkJ3fqMW+pc6Ldnwhi/IjpwHt7yyuwOQ=
google.golang.org/appengine v1.2.0 h1:S0iUepdCWODXRvtE+gcRDd15L+k+k1AiHlMiMjefH24=
google.golang.org/appengine v1.2.0/go.mod h1:xpcJRLb0r/rnEns0DIKYYv+WjYCduHsrkT7/EB5XEv4=
